{
  "name": "rails-yelp-mvp",
  "requires": true,
  "lockfileVersion": 1,
  "dependencies": {
    "alert": {
      "version": "1.0.0",
      "resolved": "https://registry.npmjs.org/alert/-/alert-1.0.0.tgz",
      "integrity": "sha1-DVifwXtOYBT1GeczEfVBTIc47mo="
    },
    "sweet": {
      "version": "0.1.1",
      "resolved": "https://registry.npmjs.org/sweet/-/sweet-0.1.1.tgz",
      "integrity": "sha1-GeKrrMQToUV8xUtDPUANRtbEhp0="
    },
    "type.js": {
      "version": "0.0.1"
    }
  }
}
